// !$*UTF8*$!
{
	archiveVersion = 1;
	classes = {
	};
	objectVersion = 50;
	objects = {

/* Begin PBXBuildFile section */
		BC56FAA420B07BDC003D7D77 /* AppDelegate.swift in Sources */ = {isa = PBXBuildFile; fileRef = BC56FAA320B07BDC003D7D77 /* AppDelegate.swift */; };
		BC56FAA620B07BDC003D7D77 /* ViewController.swift in Sources */ = {isa = PBXBuildFile; fileRef = BC56FAA520B07BDC003D7D77 /* ViewController.swift */; };
		BC56FAA920B07BDC003D7D77 /* Main.storyboard in Resources */ = {isa = PBXBuildFile; fileRef = BC56FAA720B07BDC003D7D77 /* Main.storyboard */; };
		BC56FAAB20B07BDE003D7D77 /* Assets.xcassets in Resources */ = {isa = PBXBuildFile; fileRef = BC56FAAA20B07BDE003D7D77 /* Assets.xcassets */; };
		BC56FAAE20B07BDE003D7D77 /* LaunchScreen.storyboard in Resources */ = {isa = PBXBuildFile; fileRef = BC56FAAC20B07BDE003D7D77 /* LaunchScreen.storyboard */; };
/* End PBXBuildFile section */

/* Begin PBXFileReference section */
		BC056E0620B4129E005A2E2A /* mptcp-tester.entitlements */ = {isa = PBXFileReference; lastKnownFileType = text.plist.entitlements; path = "mptcp-tester.entitlements"; sourceTree = "<group>"; };
		BC56FAA020B07BDC003D7D77 /* mptcp-tester.app */ = {isa = PBXFileReference; explicitFileType = wrapper.application; includeInIndex = 0; path = "mptcp-tester.app"; sourceTree = BUILT_PRODUCTS_DIR; };
		BC56FAA320B07BDC003D7D77 /* AppDelegate.swift */ = {isa = PBXFileReference; lastKnownFileType = sourcecode.swift; path = AppDelegate.swift; sourceTree = "<group>"; };
		BC56FAA520B07BDC003D7D77 /* ViewController.swift */ = {isa = PBXFileReference; lastKnownFileType = sourcecode.swift; path = ViewController.swift; sourceTree = "<group>"; };
		BC56FAA820B07BDC003D7D77 /* Base */ = {isa = PBXFileReference; lastKnownFileType = file.storyboard; name = Base; path = Base.lproj/Main.storyboard; sourceTree = "<group>"; };
		BC56FAAA20B07BDE003D7D77 /* Assets.xcassets */ = {isa = PBXFileReference; lastKnownFileType = folder.assetcatalog; path = Assets.xcassets; sourceTree = "<group>"; };
		BC56FAAD20B07BDE003D7D77 /* Base */ = {isa = PBXFileReference; lastKnownFileType = file.storyboard; name = Base; path = Base.lproj/LaunchScreen.storyboard; sourceTree = "<group>"; };
		BC56FAAF20B07BDE003D7D77 /* Info.plist */ = {isa = PBXFileReference; lastKnownFileType = text.plist.xml; path = Info.plist; sourceTree = "<group>"; };
/* End PBXFileReference section */

/* Begin PBXFrameworksBuildPhase section */
		BC56FA9D20B07BDC003D7D77 /* Frameworks */ = {
			isa = PBXFrameworksBuildPhase;
			buildActionMask = 2147483647;
			files = (
			);
			runOnlyForDeploymentPostprocessing = 0;
		};
/* End PBXFrameworksBuildPhase section */

/* Begin PBXGroup section */
		BC56FA9720B07BDC003D7D77 = {
			isa = PBXGroup;
			children = (
				BC56FAA220B07BDC003D7D77 /* mptcp-tester */,
				BC56FAA120B07BDC003D7D77 /* Products */,
			);
			sourceTree = "<group>";
		};
		BC56FAA120B07BDC003D7D77 /* Products */ = {
			isa = PBXGroup;
			children = (
				BC56FAA020B07BDC003D7D77 /* mptcp-tester.app */,
			);
			name = Products;
			sourceTree = "<group>";
		};
		BC56FAA220B07BDC003D7D77 /* mptcp-tester */ = {
			isa = PBXGroup;
			children = (
				BC056E0620B4129E005A2E2A /* mptcp-tester.entitlements */,
				BC56FAA320B07BDC003D7D77 /* AppDelegate.swift */,
				BC56FAA520B07BDC003D7D77 /* ViewController.swift */,
				BC56FAA720B07BDC003D7D77 /* Main.storyboard */,
				BC56FAAA20B07BDE003D7D77 /* Assets.xcassets */,
				BC56FAAC20B07BDE003D7D77 /* LaunchScreen.storyboard */,
				BC56FAAF20B07BDE003D7D77 /* Info.plist */,
			);
			path = "mptcp-tester";
			sourceTree = "<group>";
		};
/* End PBXGroup section */

/* Begin PBXNativeTarget section */
		BC56FA9F20B07BDC003D7D77 /* mptcp-tester */ = {
			isa = PBXNativeTarget;
			buildConfigurationList = BC56FAB220B07BDE003D7D77 /* Build configuration list for PBXNativeTarget "mptcp-tester" */;
			buildPhases = (
				BC56FA9C20B07BDC003D7D77 /* Sources */,
				BC56FA9D20B07BDC003D7D77 /* Frameworks */,
				BC56FA9E20B07BDC003D7D77 /* Resources */,
			);
			buildRules = (
			);
			dependencies = (
			);
			name = "mptcp-tester";
			productName = "mptcp-tester";
			productReference = BC56FAA020B07BDC003D7D77 /* mptcp-tester.app */;
			productType = "com.apple.product-type.application";
		};
/* End PBXNativeTarget section */

/* Begin PBXProject section */
		BC56FA9820B07BDC003D7D77 /* Project object */ = {
			isa = PBXProject;
			attributes = {
				LastSwiftUpdateCheck = 0930;
				LastUpgradeCheck = 0930;
				ORGANIZATIONNAME = "Jan Fornoff";
				TargetAttributes = {
					BC56FA9F20B07BDC003D7D77 = {
						CreatedOnToolsVersion = 9.3.1;
						SystemCapabilities = {
							com.apple.Multipath = {
								enabled = 1;
							};
						};
					};
				};
			};
			buildConfigurationList = BC56FA9B20B07BDC003D7D77 /* Build configuration list for PBXProject "mptcp-tester" */;
			compatibilityVersion = "Xcode 9.3";
			developmentRegion = en;
			hasScannedForEncodings = 0;
			knownRegions = (
				en,
				Base,
			);
			mainGroup = BC56FA9720B07BDC003D7D77;
			productRefGroup = BC56FAA120B07BDC003D7D77 /* Products */;
			projectDirPath = "";
			projectRoot = "";
			targets = (
				BC56FA9F20B07BDC003D7D77 /* mptcp-tester */,
			);
		};
/* End PBXProject section */

/* Begin PBXResourcesBuildPhase section */
		BC56FA9E20B07BDC003D7D77 /* Resources */ = {
			isa = PBXResourcesBuildPhase;
			buildActionMask = 2147483647;
			files = (
				BC56FAAE20B07BDE003D7D77 /* LaunchScreen.storyboard in Resources */,
				BC56FAAB20B07BDE003D7D77 /* Assets.xcassets in Resources */,
				BC56FAA920B07BDC003D7D77 /* Main.storyboard in Resources */,
			);
			runOnlyForDeploymentPostprocessing = 0;
		};
/* End PBXResourcesBuildPhase section */

/* Begin PBXSourcesBuildPhase section */
		BC56FA9C20B07BDC003D7D77 /* Sources */ = {
			isa = PBXSourcesBuildPhase;
			buildActionMask = 2147483647;
			files = (
				BC56FAA620B07BDC003D7D77 /* ViewController.swift in Sources */,
				BC56FAA420B07BDC003D7D77 /* AppDelegate.swift in Sources */,
			);
			runOnlyForDeploymentPostprocessing = 0;
		};
/* End PBXSourcesBuildPhase section */

/* Begin PBXVariantGroup section */
		BC56FAA720B07BDC003D7D77 /* Main.storyboard */ = {
			isa = PBXVariantGroup;
			children = (
				BC56FAA820B07BDC003D7D77 /* Base */,
			);
			name = Main.storyboard;
			sourceTree = "<group>";
		};
		BC56FAAC20B07BDE003D7D77 /* LaunchScreen.storyboard */ = {
			isa = PBXVariantGroup;
			children = (
				BC56FAAD20B07BDE003D7D77 /* Base */,
			);
			name = LaunchScreen.storyboard;
			sourceTree = "<group>";
		};
/* End PBXVariantGroup section */

/* Begin XCBuildConfiguration section */
		BC56FAB020B07BDE003D7D77 /* Debug */ = {
			isa = XCBuildConfiguration;
			buildSettings = {
				ALWAYS_SEARCH_USER_PATHS = NO;
				CLANG_ANALYZER_NONNULL = YES;
				CLANG_ANALYZER_NUMBER_OBJECT_CONVERSION = YES_AGGRESSIVE;
				CLANG_CXX_LANGUAGE_STANDARD = "gnu++14";
				CLANG_CXX_LIBRARY = "libc++";
				CLANG_ENABLE_MODULES = YES;
				CLANG_ENABLE_OBJC_ARC = YES;
				CLANG_ENABLE_OBJC_WEAK = YES;
				CLANG_WARN_BLOCK_CAPTURE_AUTORELEASING = YES;
				CLANG_WARN_BOOL_CONVERSION = YES;
				CLANG_WARN_COMMA = YES;
				CLANG_WARN_CONSTANT_CONVERSION = YES;
				CLANG_WARN_DEPRECATED_OBJC_IMPLEMENTATIONS = YES;
				CLANG_WARN_DIRECT_OBJC_ISA_USAGE = YES_ERROR;
				CLANG_WARN_DOCUMENTATION_COMMENTS = YES;
				CLANG_WARN_EMPTY_BODY = YES;
				CLANG_WARN_ENUM_CONVERSION = YES;
				CLANG_WARN_INFINITE_RECURSION = YES;
				CLANG_WARN_INT_CONVERSION = YES;
				CLANG_WARN_NON_LITERAL_NULL_CONVERSION = YES;
				CLANG_WARN_OBJC_IMPLICIT_RETAIN_SELF = YES;
				CLANG_WARN_OBJC_LITERAL_CONVERSION = YES;
				CLANG_WARN_OBJC_ROOT_CLASS = YES_ERROR;
				CLANG_WARN_RANGE_LOOP_ANALYSIS = YES;
				CLANG_WARN_STRICT_PROTOTYPES = YES;
				CLANG_WARN_SUSPICIOUS_MOVE = YES;
				CLANG_WARN_UNGUARDED_AVAILABILITY = YES_AGGRESSIVE;
				CLANG_WARN_UNREACHABLE_CODE = YES;
				CLANG_WARN__DUPLICATE_METHOD_MATCH = YES;
				CODE_SIGN_IDENTITY = "iPhone Developer";
				COPY_PHASE_STRIP = NO;
				DEBUG_INFORMATION_FORMAT = dwarf;
				ENABLE_STRICT_OBJC_MSGSEND = YES;
				ENABLE_TESTABILITY = YES;
				GCC_C_LANGUAGE_STANDARD = gnu11;
				GCC_DYNAMIC_NO_PIC = NO;
				GCC_NO_COMMON_BLOCKS = YES;
				GCC_OPTIMIZATION_LEVEL = 0;
				GCC_PREPROCESSOR_DEFINITIONS = (
					"DEBUG=1",
					"$(inherited)",
				);
				GCC_WARN_64_TO_32_BIT_CONVERSION = YES;
				GCC_WARN_ABOUT_RETURN_TYPE = YES_ERROR;
				GCC_WARN_UNDECLARED_SELECTOR = YES;
				GCC_WARN_UNINITIALIZED_AUTOS = YES_AGGRESSIVE;
				GCC_WARN_UNUSED_FUNCTION = YES;
				GCC_WARN_UNUSED_VARIABLE = YES;
				IPHONEOS_DEPLOYMENT_TARGET = 11.3;
				MTL_ENABLE_DEBUG_INFO = YES;
				ONLY_ACTIVE_ARCH = YES;
				SDKROOT = iphoneos;
				SWIFT_ACTIVE_COMPILATION_CONDITIONS = DEBUG;
				SWIFT_OPTIMIZATION_LEVEL = "-Onone";
			};
			name = Debug;
		};
		BC56FAB120B07BDE003D7D77 /* Release */ = {
			isa = XCBuildConfiguration;
			buildSettings = {
				ALWAYS_SEARCH_USER_PATHS = NO;
				CLANG_ANALYZER_NONNULL = YES;
				CLANG_ANALYZER_NUMBER_OBJECT_CONVERSION = YES_AGGRESSIVE;
				CLANG_CXX_LANGUAGE_STANDARD = "gnu++14";
				CLANG_CXX_LIBRARY = "libc++";
				CLANG_ENABLE_MODULES = YES;
				CLANG_ENABLE_OBJC_ARC = YES;
				CLANG_ENABLE_OBJC_WEAK = YES;
				CLANG_WARN_BLOCK_CAPTURE_AUTORELEASING = YES;
				CLANG_WARN_BOOL_CONVERSION = YES;
				CLANG_WARN_COMMA = YES;
				CLANG_WARN_CONSTANT_CONVERSION = YES;
				CLANG_WARN_DEPRECATED_OBJC_IMPLEMENTATIONS = YES;
				CLANG_WARN_DIRECT_OBJC_ISA_USAGE = YES_ERROR;
				CLANG_WARN_DOCUMENTATION_COMMENTS = YES;
				CLANG_WARN_EMPTY_BODY = YES;
				CLANG_WARN_ENUM_CONVERSION = YES;
				CLANG_WARN_INFINITE_RECURSION = YES;
				CLANG_WARN_INT_CONVERSION = YES;
				CLANG_WARN_NON_LITERAL_NULL_CONVERSION = YES;
				CLANG_WARN_OBJC_IMPLICIT_RETAIN_SELF = YES;
				CLANG_WARN_OBJC_LITERAL_CONVERSION = YES;
				CLANG_WARN_OBJC_ROOT_CLASS = YES_ERROR;
				CLANG_WARN_RANGE_LOOP_ANALYSIS = YES;
				CLANG_WARN_STRICT_PROTOTYPES = YES;
				CLANG_WARN_SUSPICIOUS_MOVE = YES;
				CLANG_WARN_UNGUARDED_AVAILABILITY = YES_AGGRESSIVE;
				CLANG_WARN_UNREACHABLE_CODE = YES;
				CLANG_WARN__DUPLICATE_METHOD_MATCH = YES;
				CODE_SIGN_IDENTITY = "iPhone Developer";
				COPY_PHASE_STRIP = NO;
				DEBUG_INFORMATION_FORMAT = "dwarf-with-dsym";
				ENABLE_NS_ASSERTIONS = NO;
				ENABLE_STRICT_OBJC_MSGSEND = YES;
				GCC_C_LANGUAGE_STANDARD = gnu11;
				GCC_NO_COMMON_BLOCKS = YES;
				GCC_WARN_64_TO_32_BIT_CONVERSION = YES;
				GCC_WARN_ABOUT_RETURN_TYPE = YES_ERROR;
				GCC_WARN_UNDECLARED_SELECTOR = YES;
				GCC_WARN_UNINITIALIZED_AUTOS = YES_AGGRESSIVE;
				GCC_WARN_UNUSED_FUNCTION = YES;
				GCC_WARN_UNUSED_VARIABLE = YES;
				IPHONEOS_DEPLOYMENT_TARGET = 11.3;
				MTL_ENABLE_DEBUG_INFO = NO;
				SDKROOT = iphoneos;
				SWIFT_COMPILATION_MODE = wholemodule;
				SWIFT_OPTIMIZATION_LEVEL = "-O";
				VALIDATE_PRODUCT = YES;
			};
			name = Release;
		};
		BC56FAB320B07BDE003D7D77 /* Debug */ = {
			isa = XCBuildConfiguration;
			buildSettings = {
				ASSETCATALOG_COMPILER_APPICON_NAME = AppIcon;
				CODE_SIGN_ENTITLEMENTS = "mptcp-tester/mptcp-tester.entitlements";
				CODE_SIGN_STYLE = Automatic;
				DEVELOPMENT_TEAM = 2K2282N2MM;
				INFOPLIST_FILE = "mptcp-tester/Info.plist";
				LD_RUNPATH_SEARCH_PATHS = (
					"$(inherited)",
					"@executable_path/Frameworks",
				);
				PRODUCT_BUNDLE_IDENTIFIER = "de.tu-darmstadt.jfornoff.mptcp-tester";
				PRODUCT_NAME = "$(TARGET_NAME)";
				SWIFT_VERSION = 4.0;
				TARGETED_DEVICE_FAMILY = "1,2";
			};
			name = Debug;
		};
		BC56FAB420B07BDE003D7D77 /* Release */ = {
			isa = XCBuildConfiguration;
			buildSettings = {
				ASSETCATALOG_COMPILER_APPICON_NAME = AppIcon;
				CODE_SIGN_ENTITLEMENTS = "mptcp-tester/mptcp-tester.entitlements";
				CODE_SIGN_STYLE = Automatic;
				DEVELOPMENT_TEAM = 2K2282N2MM;
				INFOPLIST_FILE = "mptcp-tester/Info.plist";
				LD_RUNPATH_SEARCH_PATHS = (
					"$(inherited)",
					"@executable_path/Frameworks",
				);
				PRODUCT_BUNDLE_IDENTIFIER = "de.tu-darmstadt.jfornoff.mptcp-tester";
				PRODUCT_NAME = "$(TARGET_NAME)";
				SWIFT_VERSION = 4.0;
				TARGETED_DEVICE_FAMILY = "1,2";
			};
			name = Release;
		};
/* End XCBuildConfiguration section */

/* Begin XCConfigurationList section */
		BC56FA9B20B07BDC003D7D77 /* Build configuration list for PBXProject "mptcp-tester" */ = {
			isa = XCConfigurationList;
			buildConfigurations = (
				BC56FAB020B07BDE003D7D77 /* Debug */,
				BC56FAB120B07BDE003D7D77 /* Release */,
			);
			defaultConfigurationIsVisible = 0;
			defaultConfigurationName = Release;
		};
		BC56FAB220B07BDE003D7D77 /* Build configuration list for PBXNativeTarget "mptcp-tester" */ = {
			isa = XCConfigurationList;
			buildConfigurations = (
				BC56FAB320B07BDE003D7D77 /* Debug */,
				BC56FAB420B07BDE003D7D77 /* Release */,
			);
			defaultConfigurationIsVisible = 0;
			defaultConfigurationName = Release;
		};
/* End XCConfigurationList section */
	};
	rootObject = BC56FA9820B07BDC003D7D77 /* Project object */;
}
